
Microsoft Visual Studio Solution File, Format Version 12.00
# Visual Studio Version 16
VisualStudioVersion = 16.0.36107.64
MinimumVisualStudioVersion = 10.0.40219.1
Project("{FAE04EC0-301F-11D3-BF4B-00C04F79EFBC}") = "TvMovie", "TvMovie.csproj", "{544182DC-92EC-4BCF-AA88-A76C6EFF0212}"
EndProject
Project("{F184B08F-C81C-45F6-A57F-5ABD9991F28F}") = "TvMovie.Converted", "..\TV Movie EPG Import.ConvertedToVBNet\TvMovie.Converted.vbproj", "{3685592F-DF10-437A-92F4-5699D736A35D}"
EndProject
Global
	GlobalSection(SolutionConfigurationPlatforms) = preSolution
		Debug|Any CPU = Debug|Any CPU
		Release|Any CPU = Release|Any CPU
	EndGlobalSection
	GlobalSection(ProjectConfigurationPlatforms) = postSolution
		{544182DC-92EC-4BCF-AA88-A76C6EFF0212}.Debug|Any CPU.ActiveCfg = Debug|Any CPU
		{544182DC-92EC-4BCF-AA88-A76C6EFF0212}.Debug|Any CPU.Build.0 = Debug|Any CPU
		{544182DC-92EC-4BCF-AA88-A76C6EFF0212}.Release|Any CPU.ActiveCfg = Release|Any CPU
		{544182DC-92EC-4BCF-AA88-A76C6EFF0212}.Release|Any CPU.Build.0 = Release|Any CPU
		{3685592F-DF10-437A-92F4-5699D736A35D}.Debug|Any CPU.ActiveCfg = Debug|Any CPU
		{3685592F-DF10-437A-92F4-5699D736A35D}.Debug|Any CPU.Build.0 = Debug|Any CPU
		{3685592F-DF10-437A-92F4-5699D736A35D}.Release|Any CPU.ActiveCfg = Release|Any CPU
		{3685592F-DF10-437A-92F4-5699D736A35D}.Release|Any CPU.Build.0 = Release|Any CPU
	EndGlobalSection
	GlobalSection(SolutionProperties) = preSolution
		HideSolutionNode = FALSE
	EndGlobalSection
	GlobalSection(ExtensibilityGlobals) = postSolution
		SolutionGuid = {80DC37E1-DCFD-439B-9AA2-644739D55FC3}
	EndGlobalSection
EndGlobal
