
Microsoft Visual Studio Solution File, Format Version 10.00
# Visual Studio 2008
# SharpDevelop 3.2.0.5505
Project("{FAE04EC0-301F-11D3-BF4B-00C04F79EFBC}") = "TvMovie", "TvMovie.csproj", "{544182DC-92EC-4BCF-AA88-A76C6EFF0212}"
EndProject
Project("{F184B08F-C81C-45F6-A57F-5ABD9991F28F}") = "TvMovie.Converted", "..\TV Movie EPG Import.ConvertedToVBNet\TvMovie.Converted.vbproj", "{3685592F-DF10-437A-92F4-5699D736A35D}"
EndProject
Project("{F184B08F-C81C-45F6-A57F-5ABD9991F28F}") = "TvMovie.Converted", "..\TV Movie EPG Import.ConvertedToVBNet\TvMovie.Converted.vbproj", "{D15A0623-191C-4D48-87D0-7C35A820DD51}"
EndProject
Project("{F184B08F-C81C-45F6-A57F-5ABD9991F28F}") = "TvMovie.Converted", "..\TV Movie EPG Import.ConvertedToVBNet\TvMovie.Converted.vbproj", "{B4462946-C740-487B-9F31-980A8DA37F72}"
EndProject
Project("{F184B08F-C81C-45F6-A57F-5ABD9991F28F}") = "TvMovie.Converted", "..\TV Movie EPG Import.ConvertedToVBNet\TvMovie.Converted.vbproj", "{9038DBB3-C3CC-4ED5-A1DB-E922CEC59B35}"
EndProject
Global
	GlobalSection(SolutionConfigurationPlatforms) = preSolution
		Debug|Any CPU = Debug|Any CPU
		Debug|x86 = Debug|x86
		Release|Any CPU = Release|Any CPU
		Release|x86 = Release|x86
		Debug|Any CPU = Debug|Any CPU
		Debug|x86 = Debug|x86
		Release|Any CPU = Release|Any CPU
		Release|x86 = Release|x86
	EndGlobalSection
	GlobalSection(ProjectConfigurationPlatforms) = postSolution
		{544182DC-92EC-4BCF-AA88-A76C6EFF0212}.Debug|Any CPU.Build.0 = Debug|Any CPU
		{544182DC-92EC-4BCF-AA88-A76C6EFF0212}.Debug|Any CPU.ActiveCfg = Debug|Any CPU
		{544182DC-92EC-4BCF-AA88-A76C6EFF0212}.Debug|x86.Build.0 = Debug|x86
		{544182DC-92EC-4BCF-AA88-A76C6EFF0212}.Debug|x86.ActiveCfg = Debug|x86
		{544182DC-92EC-4BCF-AA88-A76C6EFF0212}.Release|Any CPU.Build.0 = Release|Any CPU
		{544182DC-92EC-4BCF-AA88-A76C6EFF0212}.Release|Any CPU.ActiveCfg = Release|Any CPU
		{544182DC-92EC-4BCF-AA88-A76C6EFF0212}.Release|x86.Build.0 = Release|x86
		{544182DC-92EC-4BCF-AA88-A76C6EFF0212}.Release|x86.ActiveCfg = Release|x86
		{3685592F-DF10-437A-92F4-5699D736A35D}.Debug|Any CPU.Build.0 = Debug|Any CPU
		{3685592F-DF10-437A-92F4-5699D736A35D}.Debug|Any CPU.ActiveCfg = Debug|Any CPU
		{3685592F-DF10-437A-92F4-5699D736A35D}.Debug|x86.Build.0 = Debug|x86
		{3685592F-DF10-437A-92F4-5699D736A35D}.Debug|x86.ActiveCfg = Debug|x86
		{3685592F-DF10-437A-92F4-5699D736A35D}.Release|Any CPU.Build.0 = Release|Any CPU
		{3685592F-DF10-437A-92F4-5699D736A35D}.Release|Any CPU.ActiveCfg = Release|Any CPU
		{3685592F-DF10-437A-92F4-5699D736A35D}.Release|x86.Build.0 = Release|x86
		{3685592F-DF10-437A-92F4-5699D736A35D}.Release|x86.ActiveCfg = Release|x86
		{D15A0623-191C-4D48-87D0-7C35A820DD51}.Debug|Any CPU.Build.0 = Debug|Any CPU
		{D15A0623-191C-4D48-87D0-7C35A820DD51}.Debug|Any CPU.ActiveCfg = Debug|Any CPU
		{D15A0623-191C-4D48-87D0-7C35A820DD51}.Debug|x86.Build.0 = Debug|x86
		{D15A0623-191C-4D48-87D0-7C35A820DD51}.Debug|x86.ActiveCfg = Debug|x86
		{D15A0623-191C-4D48-87D0-7C35A820DD51}.Release|Any CPU.Build.0 = Release|Any CPU
		{D15A0623-191C-4D48-87D0-7C35A820DD51}.Release|Any CPU.ActiveCfg = Release|Any CPU
		{D15A0623-191C-4D48-87D0-7C35A820DD51}.Release|x86.Build.0 = Release|x86
		{D15A0623-191C-4D48-87D0-7C35A820DD51}.Release|x86.ActiveCfg = Release|x86
		{B4462946-C740-487B-9F31-980A8DA37F72}.Debug|Any CPU.Build.0 = Debug|Any CPU
		{B4462946-C740-487B-9F31-980A8DA37F72}.Debug|Any CPU.ActiveCfg = Debug|Any CPU
		{B4462946-C740-487B-9F31-980A8DA37F72}.Debug|x86.Build.0 = Debug|x86
		{B4462946-C740-487B-9F31-980A8DA37F72}.Debug|x86.ActiveCfg = Debug|x86
		{B4462946-C740-487B-9F31-980A8DA37F72}.Release|Any CPU.Build.0 = Release|Any CPU
		{B4462946-C740-487B-9F31-980A8DA37F72}.Release|Any CPU.ActiveCfg = Release|Any CPU
		{B4462946-C740-487B-9F31-980A8DA37F72}.Release|x86.Build.0 = Release|x86
		{B4462946-C740-487B-9F31-980A8DA37F72}.Release|x86.ActiveCfg = Release|x86
		{9038DBB3-C3CC-4ED5-A1DB-E922CEC59B35}.Debug|Any CPU.Build.0 = Debug|Any CPU
		{9038DBB3-C3CC-4ED5-A1DB-E922CEC59B35}.Debug|Any CPU.ActiveCfg = Debug|Any CPU
		{9038DBB3-C3CC-4ED5-A1DB-E922CEC59B35}.Debug|x86.Build.0 = Debug|x86
		{9038DBB3-C3CC-4ED5-A1DB-E922CEC59B35}.Debug|x86.ActiveCfg = Debug|x86
		{9038DBB3-C3CC-4ED5-A1DB-E922CEC59B35}.Release|Any CPU.Build.0 = Release|Any CPU
		{9038DBB3-C3CC-4ED5-A1DB-E922CEC59B35}.Release|Any CPU.ActiveCfg = Release|Any CPU
		{9038DBB3-C3CC-4ED5-A1DB-E922CEC59B35}.Release|x86.Build.0 = Release|x86
		{9038DBB3-C3CC-4ED5-A1DB-E922CEC59B35}.Release|x86.ActiveCfg = Release|x86
	EndGlobalSection
EndGlobal
